# THIS IS AN AUTOGENERATED FILE. DO NOT EDIT THIS FILE DIRECTLY.
# yarn lockfile v1


"@teamwork/websocket-json-stream@^2.0.0":
  version "2.0.0"
  resolved "https://registry.yarnpkg.com/@teamwork/websocket-json-stream/-/websocket-json-stream-2.0.0.tgz#4eba02b1fde23112beef0080a84a4e6db251877e"

arraydiff@^0.1.1:
  version "0.1.3"
  resolved "https://registry.yarnpkg.com/arraydiff/-/arraydiff-0.1.3.tgz#86a5436d7b72f1bdda5fd6d74e8724e42f83ce4d"

async@^1.4.2:
  version "1.5.2"
  resolved "https://registry.yarnpkg.com/async/-/async-1.5.2.tgz#ec6a61ae56480c0c3cb241c95618e20892f9672a"

deep-is@^0.1.3:
  version "0.1.3"
  resolved "https://registry.yarnpkg.com/deep-is/-/deep-is-0.1.3.tgz#b369d6fb5dbc13eecf524f91b070feedc357cf34"

hat@0.0.3:
  version "0.0.3"
  resolved "https://registry.yarnpkg.com/hat/-/hat-0.0.3.tgz#bb014a9e64b3788aed8005917413d4ff3d502d8a"

make-error@^1.1.1:
  version "1.3.5"
  resolved "https://registry.yarnpkg.com/make-error/-/make-error-1.3.5.tgz#efe4e81f6db28cadd605c70f29c831b58ef776c8"

ot-json0@^1.0.1:
  version "1.1.0"
  resolved "https://registry.yarnpkg.com/ot-json0/-/ot-json0-1.1.0.tgz#f5edeff162673b62f0f136bb64724c40ac5e590d"

sharedb@^1.0.0-beta.23:
  version "1.0.0-beta.23"
  resolved "https://registry.yarnpkg.com/sharedb/-/sharedb-1.0.0-beta.23.tgz#494d60e1d38edcb02b660dff047f79d5f6da6f2e"
  dependencies:
    arraydiff "^0.1.1"
    async "^1.4.2"
    deep-is "^0.1.3"
    hat "0.0.3"
    make-error "^1.1.1"
    ot-json0 "^1.0.1"

ws@^7.4.6:
  version "7.4.6"
  resolved "https://registry.yarnpkg.com/ws/-/ws-7.4.6.tgz#5654ca8ecdeee47c33a9a4bf6d28e2be2980377c"
